
Microsoft Visual Studio Solution File, Format Version 12.00
# Visual Studio Version 17
VisualStudioVersion = 17.8.34525.116
MinimumVisualStudioVersion = 10.0.40219.1
Project("{FAE04EC0-301F-11D3-BF4B-00C04F79EFBC}") = "DWHTeknikM", "DWHTeknikM.csproj", "{EA4EEA73-6845-45E4-936D-82DF64453EEC}"
EndProject
Global
	GlobalSection(SolutionConfigurationPlatforms) = preSolution
		Debug|Any CPU = Debug|Any CPU
		Release|Any CPU = Release|Any CPU
	EndGlobalSection
	GlobalSection(ProjectConfigurationPlatforms) = postSolution
		{EA4EEA73-6845-45E4-936D-82DF64453EEC}.Debug|Any CPU.ActiveCfg = Debug|Any CPU
		{EA4EEA73-6845-45E4-936D-82DF64453EEC}.Debug|Any CPU.Build.0 = Debug|Any CPU
		{EA4EEA73-6845-45E4-936D-82DF64453EEC}.Release|Any CPU.ActiveCfg = Release|Any CPU
		{EA4EEA73-6845-45E4-936D-82DF64453EEC}.Release|Any CPU.Build.0 = Release|Any CPU
	EndGlobalSection
	GlobalSection(SolutionProperties) = preSolution
		HideSolutionNode = FALSE
	EndGlobalSection
	GlobalSection(ExtensibilityGlobals) = postSolution
		SolutionGuid = {204DA83F-2303-4756-817D-A6B201F72515}
	EndGlobalSection
EndGlobal
